{
  "name": "ssc-hello",
  "version": "0.0.0",
  "lockfileVersion": 2,
  "requires": true,
  "packages": {
    "": {
      "name": "ssc-hello",
      "version": "0.0.0",
      "license": "ISC",
      "dependencies": {
        "@socketsupply/ssc-node": "^1.8.2",
        "htm": "^3.1.1",
        "preact": "^10.10.6",
        "untildify": "^4.0.0"
      },
      "devDependencies": {
        "@socketsupply/test-dom": "github:socketsupply/test-dom",
        "esbuild": "^0.15.6",
        "glob": "^8.0.3",
        "tapzero": "^0.6.1"
      }
    },
    "node_modules/@socketsupply/ssc-node": {
      "version": "1.8.2",
      "license": "ISC"
    },
    "node_modules/@socketsupply/test-dom": {
      "version": "0.4.2",
      "resolved": "git+ssh://git@github.com/socketsupply/test-dom.git#94f15d424db92fbf11335bdec3214fab2340cfdd",
      "dev": true,
      "license": "ISC"
    },
    "node_modules/balanced-match": {
      "version": "1.0.2",
      "dev": true,
      "license": "MIT"
    },
    "node_modules/brace-expansion": {
      "version": "2.0.1",
      "dev": true,
      "license": "MIT",
      "dependencies": {
        "balanced-match": "^1.0.0"
      }
    },
    "node_modules/esbuild": {
      "version": "0.15.6",
      "dev": true,
      "hasInstallScript": true,
      "license": "MIT",
      "bin": {
        "esbuild": "bin/esbuild"
      },
      "engines": {
        "node": ">=12"
      },
      "optionalDependencies": {
        "@esbuild/linux-loong64": "0.15.6",
        "esbuild-android-64": "0.15.6",
        "esbuild-android-arm64": "0.15.6",
        "esbuild-darwin-64": "0.15.6",
        "esbuild-darwin-arm64": "0.15.6",
        "esbuild-freebsd-64": "0.15.6",
        "esbuild-freebsd-arm64": "0.15.6",
        "esbuild-linux-32": "0.15.6",
        "esbuild-linux-64": "0.15.6",
        "esbuild-linux-arm": "0.15.6",
        "esbuild-linux-arm64": "0.15.6",
        "esbuild-linux-mips64le": "0.15.6",
        "esbuild-linux-ppc64le": "0.15.6",
        "esbuild-linux-riscv64": "0.15.6",
        "esbuild-linux-s390x": "0.15.6",
        "esbuild-netbsd-64": "0.15.6",
        "esbuild-openbsd-64": "0.15.6",
        "esbuild-sunos-64": "0.15.6",
        "esbuild-windows-32": "0.15.6",
        "esbuild-windows-64": "0.15.6",
        "esbuild-windows-arm64": "0.15.6"
      }
    },
    "node_modules/esbuild-darwin-arm64": {
      "version": "0.15.6",
      "cpu": [
        "arm64"
      ],
      "dev": true,
      "license": "MIT",
      "optional": true,
      "os": [
        "darwin"
      ],
      "engines": {
        "node": ">=12"
      }
    },
    "node_modules/fs.realpath": {
      "version": "1.0.0",
      "dev": true,
      "license": "ISC"
    },
    "node_modules/glob": {
      "version": "8.0.3",
      "dev": true,
      "license": "ISC",
      "dependencies": {
        "fs.realpath": "^1.0.0",
        "inflight": "^1.0.4",
        "inherits": "2",
        "minimatch": "^5.0.1",
        "once": "^1.3.0"
      },
      "engines": {
        "node": ">=12"
      },
      "funding": {
        "url": "https://github.com/sponsors/isaacs"
      }
    },
    "node_modules/htm": {
      "version": "3.1.1",
      "license": "Apache-2.0"
    },
    "node_modules/inflight": {
      "version": "1.0.6",
      "dev": true,
      "license": "ISC",
      "dependencies": {
        "once": "^1.3.0",
        "wrappy": "1"
      }
    },
    "node_modules/inherits": {
      "version": "2.0.4",
      "dev": true,
      "license": "ISC"
    },
    "node_modules/minimatch": {
      "version": "5.1.0",
      "dev": true,
      "license": "ISC",
      "dependencies": {
        "brace-expansion": "^2.0.1"
      },
      "engines": {
        "node": ">=10"
      }
    },
    "node_modules/once": {
      "version": "1.4.0",
      "dev": true,
      "license": "ISC",
      "dependencies": {
        "wrappy": "1"
      }
    },
    "node_modules/preact": {
      "version": "10.10.6",
      "license": "MIT",
      "funding": {
        "type": "opencollective",
        "url": "https://opencollective.com/preact"
      }
    },
    "node_modules/tapzero": {
      "version": "0.6.1",
      "dev": true
    },
    "node_modules/untildify": {
      "version": "4.0.0",
      "license": "MIT",
      "engines": {
        "node": ">=8"
      }
    },
    "node_modules/wrappy": {
      "version": "1.0.2",
      "dev": true,
      "license": "ISC"
    }
  },
  "dependencies": {
    "@socketsupply/ssc-node": {
      "version": "1.8.2"
    },
    "@socketsupply/test-dom": {
      "version": "git+ssh://git@github.com/socketsupply/test-dom.git#94f15d424db92fbf11335bdec3214fab2340cfdd",
      "dev": true,
      "from": "@socketsupply/test-dom@github:socketsupply/test-dom"
    },
    "balanced-match": {
      "version": "1.0.2",
      "dev": true
    },
    "brace-expansion": {
      "version": "2.0.1",
      "dev": true,
      "requires": {
        "balanced-match": "^1.0.0"
      }
    },
    "esbuild": {
      "version": "0.15.6",
      "dev": true,
      "requires": {
        "@esbuild/linux-loong64": "0.15.6",
        "esbuild-android-64": "0.15.6",
        "esbuild-android-arm64": "0.15.6",
        "esbuild-darwin-64": "0.15.6",
        "esbuild-darwin-arm64": "0.15.6",
        "esbuild-freebsd-64": "0.15.6",
        "esbuild-freebsd-arm64": "0.15.6",
        "esbuild-linux-32": "0.15.6",
        "esbuild-linux-64": "0.15.6",
        "esbuild-linux-arm": "0.15.6",
        "esbuild-linux-arm64": "0.15.6",
        "esbuild-linux-mips64le": "0.15.6",
        "esbuild-linux-ppc64le": "0.15.6",
        "esbuild-linux-riscv64": "0.15.6",
        "esbuild-linux-s390x": "0.15.6",
        "esbuild-netbsd-64": "0.15.6",
        "esbuild-openbsd-64": "0.15.6",
        "esbuild-sunos-64": "0.15.6",
        "esbuild-windows-32": "0.15.6",
        "esbuild-windows-64": "0.15.6",
        "esbuild-windows-arm64": "0.15.6"
      }
    },
    "esbuild-darwin-arm64": {
      "version": "0.15.6",
      "dev": true,
      "optional": true
    },
    "fs.realpath": {
      "version": "1.0.0",
      "dev": true
    },
    "glob": {
      "version": "8.0.3",
      "dev": true,
      "requires": {
        "fs.realpath": "^1.0.0",
        "inflight": "^1.0.4",
        "inherits": "2",
        "minimatch": "^5.0.1",
        "once": "^1.3.0"
      }
    },
    "htm": {
      "version": "3.1.1"
    },
    "inflight": {
      "version": "1.0.6",
      "dev": true,
      "requires": {
        "once": "^1.3.0",
        "wrappy": "1"
      }
    },
    "inherits": {
      "version": "2.0.4",
      "dev": true
    },
    "minimatch": {
      "version": "5.1.0",
      "dev": true,
      "requires": {
        "brace-expansion": "^2.0.1"
      }
    },
    "once": {
      "version": "1.4.0",
      "dev": true,
      "requires": {
        "wrappy": "1"
      }
    },
    "preact": {
      "version": "10.10.6"
    },
    "tapzero": {
      "version": "0.6.1",
      "dev": true
    },
    "untildify": {
      "version": "4.0.0"
    },
    "wrappy": {
      "version": "1.0.2",
      "dev": true
    }
  }
}
