{
  "name": "desktop-minimal-nodejs",
  "lockfileVersion": 2,
  "requires": true,
  "packages": {
    "": {
      "dependencies": {
        "@socketsupply/ssc-node": "^1.8.2"
      }
    },
    "node_modules/@socketsupply/ssc-node": {
      "version": "1.8.2",
      "resolved": "https://npm.pkg.github.com/download/@socketsupply/ssc-node/1.8.2/2a5f6b6b702c050237bb3075c3db37a00b4f04e2",
      "integrity": "sha512-5zQi6ki4HhUCTIWXj6fj6lPCl9sJoJtsLAChZkonItdSf83kL2JvOmaSHb75YZQpvKjdyEPorhz3TqbCpvqbng==",
      "license": "ISC"
    }
  },
  "dependencies": {
    "@socketsupply/ssc-node": {
      "version": "1.8.2",
      "resolved": "https://npm.pkg.github.com/download/@socketsupply/ssc-node/1.8.2/2a5f6b6b702c050237bb3075c3db37a00b4f04e2",
      "integrity": "sha512-5zQi6ki4HhUCTIWXj6fj6lPCl9sJoJtsLAChZkonItdSf83kL2JvOmaSHb75YZQpvKjdyEPorhz3TqbCpvqbng=="
    }
  }
}
