{
  "name": "desktop-minimal-nodejs",
  "lockfileVersion": 2,
  "requires": true,
  "packages": {
    "": {
      "dependencies": {
        "@socketsupply/ssc-node": "^1.8.2"
      }
    },
    "node_modules/@socketsupply/ssc-node": {
      "version": "1.8.2",
      "license": "ISC"
    }
  },
  "dependencies": {
    "@socketsupply/ssc-node": {
      "version": "1.8.2"
    }
  }
}
